<?xml version="1.0" encoding="utf-8"?>
<Project ToolsVersion="4.0" xmlns="http://schemas.microsoft.com/developer/msbuild/2003">
  <ItemGroup>
    <Filter Include="Source Files">
      <UniqueIdentifier>{4FC737F1-C7A5-4376-A066-2A32D752A2FF}</UniqueIdentifier>
      <Extensions>cpp;c;cc;cxx;c++;cppm;ixx;def;odl;idl;hpj;bat;asm;asmx</Extensions>
    </Filter>
    <Filter Include="Header Files">
      <UniqueIdentifier>{93995380-89BD-4b04-88EB-625FBE52EBFB}</UniqueIdentifier>
      <Extensions>h;hh;hpp;hxx;h++;hm;inl;inc;ipp;xsd</Extensions>
    </Filter>
    <Filter Include="Resource Files">
      <UniqueIdentifier>{67DA6AB6-F800-4c08-8B7A-83BB121AAD01}</UniqueIdentifier>
      <Extensions>rc;ico;cur;bmp;dlg;rc2;rct;bin;rgs;gif;jpg;jpeg;jpe;resx;tiff;tif;png;wav;mfcribbon-ms</Extensions>
    </Filter>
    <Filter Include="Header Files\Routing">
      <UniqueIdentifier>{aa5c2138-81b7-465e-831c-ed74eca6d894}</UniqueIdentifier>
    </Filter>
    <Filter Include="Source Files\Routing">
      <UniqueIdentifier>{dea45505-2078-46c0-8533-637809796f72}</UniqueIdentifier>
    </Filter>
    <Filter Include="Header Files\Enums">
      <UniqueIdentifier>{8bd1da8b-416d-492b-8540-9b2eca4c984a}</UniqueIdentifier>
    </Filter>
    <Filter Include="Source Files\Enums">
      <UniqueIdentifier>{79e4eaf1-6467-4bea-b1de-4c0f6abf1b55}</UniqueIdentifier>
    </Filter>
  </ItemGroup>
  <ItemGroup>
    <ClCompile Include="Main.cpp">
      <Filter>Source Files</Filter>
    </ClCompile>
    <ClCompile Include="Player.cpp">
      <Filter>Source Files</Filter>
    </ClCompile>
    <ClCompile Include="SubRound.cpp">
      <Filter>Source Files</Filter>
    </ClCompile>
    <ClCompile Include="Round.cpp">
      <Filter>Source Files</Filter>
    </ClCompile>
    <ClCompile Include="Game.cpp">
      <Filter>Source Files</Filter>
    </ClCompile>
    <ClCompile Include="GameData.cpp">
      <Filter>Source Files</Filter>
    </ClCompile>
    <ClCompile Include="Chat.cpp">
      <Filter>Source Files</Filter>
    </ClCompile>
    <ClCompile Include="PlayerDB.cpp">
      <Filter>Source Files</Filter>
    </ClCompile>
    <ClCompile Include="Routing.cpp">
      <Filter>Source Files\Routing</Filter>
    </ClCompile>
    <ClCompile Include="RouteHandler.cpp">
      <Filter>Source Files\Routing</Filter>
    </ClCompile>
    <ClCompile Include="AdminRole.cpp">
      <Filter>Source Files\Enums</Filter>
    </ClCompile>
    <ClCompile Include="EGameStatus.cpp">
      <Filter>Source Files\Enums</Filter>
    </ClCompile>
    <ClCompile Include="PlayerRole.cpp">
      <Filter>Source Files\Enums</Filter>
    </ClCompile>
  </ItemGroup>
  <ItemGroup>
    <Text Include="PlayerData.txt">
      <Filter>Source Files</Filter>
    </Text>
    <Text Include="wordsIn.txt">
      <Filter>Source Files</Filter>
    </Text>
  </ItemGroup>
  <ItemGroup>
    <ClInclude Include="Game.h">
      <Filter>Header Files</Filter>
    </ClInclude>
    <ClInclude Include="Player.h">
      <Filter>Header Files</Filter>
    </ClInclude>
    <ClInclude Include="Round.h">
      <Filter>Header Files</Filter>
    </ClInclude>
    <ClInclude Include="SubRound.h">
      <Filter>Header Files</Filter>
    </ClInclude>
    <ClInclude Include="GameData.h">
      <Filter>Header Files</Filter>
    </ClInclude>
    <ClInclude Include="Chat.h">
      <Filter>Header Files</Filter>
    </ClInclude>
    <ClInclude Include="PlayerDB.h">
      <Filter>Header Files</Filter>
    </ClInclude>
    <ClInclude Include="Routing.h">
      <Filter>Header Files\Routing</Filter>
    </ClInclude>
    <ClInclude Include="RouteHandler.h">
      <Filter>Header Files\Routing</Filter>
    </ClInclude>
    <ClInclude Include="PlayerRole.h">
      <Filter>Header Files\Enums</Filter>
    </ClInclude>
    <ClInclude Include="AdminRole.h">
      <Filter>Header Files\Enums</Filter>
    </ClInclude>
    <ClInclude Include="EGameStatus.h">
      <Filter>Header Files\Enums</Filter>
    </ClInclude>
  </ItemGroup>
</Project>