
Microsoft Visual Studio Solution File, Format Version 12.00
# Visual Studio Version 17
VisualStudioVersion = 17.7.34202.233
MinimumVisualStudioVersion = 10.0.40219.1
Project("{8BC9CEB8-8B4A-11D0-8D11-00A0C91BC942}") = "GarticApp", "GarticApp\GarticApp.vcxproj", "{16073F3F-DD62-4A70-AC43-C4082FCC4C94}"
EndProject
Project("{8BC9CEB8-8B4A-11D0-8D11-00A0C91BC942}") = "Tests", "Tests\Tests.vcxproj", "{908822D0-5821-4C72-BAA4-679BD4BF8550}"
EndProject
Project("{8BC9CEB8-8B4A-11D0-8D11-00A0C91BC942}") = "TimerLib", "TimerLib\TimerLib.vcxproj", "{5C64A57E-2274-410C-9B20-E2686B706F62}"
EndProject
Project("{8BC9CEB8-8B4A-11D0-8D11-00A0C91BC942}") = "GameServer", "GameServer\GameServer.vcxproj", "{CBB3862A-8F1E-4651-9C80-3AF0D6F6111E}"
EndProject
Global
	GlobalSection(SolutionConfigurationPlatforms) = preSolution
		Debug|x64 = Debug|x64
		Debug|x86 = Debug|x86
		Release|x64 = Release|x64
		Release|x86 = Release|x86
	EndGlobalSection
	GlobalSection(ProjectConfigurationPlatforms) = postSolution
		{16073F3F-DD62-4A70-AC43-C4082FCC4C94}.Debug|x64.ActiveCfg = Debug|x64
		{16073F3F-DD62-4A70-AC43-C4082FCC4C94}.Debug|x64.Build.0 = Debug|x64
		{16073F3F-DD62-4A70-AC43-C4082FCC4C94}.Debug|x86.ActiveCfg = Debug|x64
		{16073F3F-DD62-4A70-AC43-C4082FCC4C94}.Debug|x86.Build.0 = Debug|x64
		{16073F3F-DD62-4A70-AC43-C4082FCC4C94}.Release|x64.ActiveCfg = Release|x64
		{16073F3F-DD62-4A70-AC43-C4082FCC4C94}.Release|x64.Build.0 = Release|x64
		{16073F3F-DD62-4A70-AC43-C4082FCC4C94}.Release|x86.ActiveCfg = Release|x64
		{16073F3F-DD62-4A70-AC43-C4082FCC4C94}.Release|x86.Build.0 = Release|x64
		{908822D0-5821-4C72-BAA4-679BD4BF8550}.Debug|x64.ActiveCfg = Debug|x64
		{908822D0-5821-4C72-BAA4-679BD4BF8550}.Debug|x64.Build.0 = Debug|x64
		{908822D0-5821-4C72-BAA4-679BD4BF8550}.Debug|x86.ActiveCfg = Debug|Win32
		{908822D0-5821-4C72-BAA4-679BD4BF8550}.Debug|x86.Build.0 = Debug|Win32
		{908822D0-5821-4C72-BAA4-679BD4BF8550}.Release|x64.ActiveCfg = Release|x64
		{908822D0-5821-4C72-BAA4-679BD4BF8550}.Release|x64.Build.0 = Release|x64
		{908822D0-5821-4C72-BAA4-679BD4BF8550}.Release|x86.ActiveCfg = Release|Win32
		{908822D0-5821-4C72-BAA4-679BD4BF8550}.Release|x86.Build.0 = Release|Win32
		{5C64A57E-2274-410C-9B20-E2686B706F62}.Debug|x64.ActiveCfg = Debug|x64
		{5C64A57E-2274-410C-9B20-E2686B706F62}.Debug|x64.Build.0 = Debug|x64
		{5C64A57E-2274-410C-9B20-E2686B706F62}.Debug|x86.ActiveCfg = Debug|Win32
		{5C64A57E-2274-410C-9B20-E2686B706F62}.Debug|x86.Build.0 = Debug|Win32
		{5C64A57E-2274-410C-9B20-E2686B706F62}.Release|x64.ActiveCfg = Release|x64
		{5C64A57E-2274-410C-9B20-E2686B706F62}.Release|x64.Build.0 = Release|x64
		{5C64A57E-2274-410C-9B20-E2686B706F62}.Release|x86.ActiveCfg = Release|Win32
		{5C64A57E-2274-410C-9B20-E2686B706F62}.Release|x86.Build.0 = Release|Win32
		{CBB3862A-8F1E-4651-9C80-3AF0D6F6111E}.Debug|x64.ActiveCfg = Debug|x64
		{CBB3862A-8F1E-4651-9C80-3AF0D6F6111E}.Debug|x64.Build.0 = Debug|x64
		{CBB3862A-8F1E-4651-9C80-3AF0D6F6111E}.Debug|x86.ActiveCfg = Debug|Win32
		{CBB3862A-8F1E-4651-9C80-3AF0D6F6111E}.Debug|x86.Build.0 = Debug|Win32
		{CBB3862A-8F1E-4651-9C80-3AF0D6F6111E}.Release|x64.ActiveCfg = Release|x64
		{CBB3862A-8F1E-4651-9C80-3AF0D6F6111E}.Release|x64.Build.0 = Release|x64
		{CBB3862A-8F1E-4651-9C80-3AF0D6F6111E}.Release|x86.ActiveCfg = Release|Win32
		{CBB3862A-8F1E-4651-9C80-3AF0D6F6111E}.Release|x86.Build.0 = Release|Win32
	EndGlobalSection
	GlobalSection(SolutionProperties) = preSolution
		HideSolutionNode = FALSE
	EndGlobalSection
	GlobalSection(ExtensibilityGlobals) = postSolution
		SolutionGuid = {998930B7-333D-4D6A-95A3-BD7C9703B211}
	EndGlobalSection
EndGlobal
